
Microsoft Visual Studio Solution File, Format Version 12.00
# Visual Studio Version 17
VisualStudioVersion = 17.5.33516.290
MinimumVisualStudioVersion = 10.0.40219.1
Project("{FAE04EC0-301F-11D3-BF4B-00C04F79EFBC}") = "WebService", "WebService\WebService.csproj", "{933B513D-5506-427A-BA12-11865C132739}"
EndProject
Global
	GlobalSection(SolutionConfigurationPlatforms) = preSolution
		Debug|Any CPU = Debug|Any CPU
		Release|Any CPU = Release|Any CPU
	EndGlobalSection
	GlobalSection(ProjectConfigurationPlatforms) = postSolution
		{933B513D-5506-427A-BA12-11865C132739}.Debug|Any CPU.ActiveCfg = Debug|Any CPU
		{933B513D-5506-427A-BA12-11865C132739}.Debug|Any CPU.Build.0 = Debug|Any CPU
		{933B513D-5506-427A-BA12-11865C132739}.Release|Any CPU.ActiveCfg = Release|Any CPU
		{933B513D-5506-427A-BA12-11865C132739}.Release|Any CPU.Build.0 = Release|Any CPU
	EndGlobalSection
	GlobalSection(SolutionProperties) = preSolution
		HideSolutionNode = FALSE
	EndGlobalSection
	GlobalSection(ExtensibilityGlobals) = postSolution
		SolutionGuid = {F0EF009E-4CE3-48C3-8D30-7CEC280EB893}
	EndGlobalSection
EndGlobal
